// !$*UTF8*$!
{
	archiveVersion = 1;
	classes = {
	};
	objectVersion = 51;
	objects = {

/* Begin PBXBuildFile section */
		63DDB8792493DD4A00271C34 /* AppDelegate.swift in Sources */ = {isa = PBXBuildFile; fileRef = 63DDB8782493DD4A00271C34 /* AppDelegate.swift */; };
		63DDB87E2493DD4A00271C34 /* AppRocketTask.xcdatamodeld in Sources */ = {isa = PBXBuildFile; fileRef = 63DDB87C2493DD4A00271C34 /* AppRocketTask.xcdatamodeld */; };
		63DDB8802493DD4A00271C34 /* ContentView.swift in Sources */ = {isa = PBXBuildFile; fileRef = 63DDB87F2493DD4A00271C34 /* ContentView.swift */; };
		63DDB8822493DD4E00271C34 /* Assets.xcassets in Resources */ = {isa = PBXBuildFile; fileRef = 63DDB8812493DD4E00271C34 /* Assets.xcassets */; };
		63DDB8852493DD4E00271C34 /* Preview Assets.xcassets in Resources */ = {isa = PBXBuildFile; fileRef = 63DDB8842493DD4E00271C34 /* Preview Assets.xcassets */; };
		63DDB8882493DD4E00271C34 /* LaunchScreen.storyboard in Resources */ = {isa = PBXBuildFile; fileRef = 63DDB8862493DD4E00271C34 /* LaunchScreen.storyboard */; };
		63DDB8932493DD4F00271C34 /* AppRocketTaskTests.swift in Sources */ = {isa = PBXBuildFile; fileRef = 63DDB8922493DD4F00271C34 /* AppRocketTaskTests.swift */; };
		63DDB89E2493DD4F00271C34 /* AppRocketTaskUITests.swift in Sources */ = {isa = PBXBuildFile; fileRef = 63DDB89D2493DD4F00271C34 /* AppRocketTaskUITests.swift */; };
		63DDB8AE2493E06900271C34 /* LoginViewController.swift in Sources */ = {isa = PBXBuildFile; fileRef = 63DDB8AC2493E06900271C34 /* LoginViewController.swift */; };
		63DDB8AF2493E06900271C34 /* LoginViewController.xib in Resources */ = {isa = PBXBuildFile; fileRef = 63DDB8AD2493E06900271C34 /* LoginViewController.xib */; };
		63DDB8B42493E09100271C34 /* SignupViewController.swift in Sources */ = {isa = PBXBuildFile; fileRef = 63DDB8B22493E09100271C34 /* SignupViewController.swift */; };
		63DDB8B52493E09100271C34 /* SignupViewController.xib in Resources */ = {isa = PBXBuildFile; fileRef = 63DDB8B32493E09100271C34 /* SignupViewController.xib */; };
		63DDB8B924941BA000271C34 /* MainViewController.swift in Sources */ = {isa = PBXBuildFile; fileRef = 63DDB8B724941BA000271C34 /* MainViewController.swift */; };
		63DDB8BA24941BA000271C34 /* MainViewController.xib in Resources */ = {isa = PBXBuildFile; fileRef = 63DDB8B824941BA000271C34 /* MainViewController.xib */; };
		63DDB8BC2494201200271C34 /* Podfile in Resources */ = {isa = PBXBuildFile; fileRef = 63DDB8BB2494201200271C34 /* Podfile */; };
		63DDB8BF2494222A00271C34 /* ChatViewController.swift in Sources */ = {isa = PBXBuildFile; fileRef = 63DDB8BE2494222A00271C34 /* ChatViewController.swift */; };
		63DDB8C324942B8600271C34 /* GoogleService-Info.plist in Resources */ = {isa = PBXBuildFile; fileRef = 63DDB8C224942B8600271C34 /* GoogleService-Info.plist */; };
		63DDB8C624943A8400271C34 /* AppRocketUser.swift in Sources */ = {isa = PBXBuildFile; fileRef = 63DDB8C524943A8400271C34 /* AppRocketUser.swift */; };
		63DDB8C924956C4300271C34 /* ChatListViewController.swift in Sources */ = {isa = PBXBuildFile; fileRef = 63DDB8C724956C4300271C34 /* ChatListViewController.swift */; };
		63DDB8CA24956C4300271C34 /* ChatListViewController.xib in Resources */ = {isa = PBXBuildFile; fileRef = 63DDB8C824956C4300271C34 /* ChatListViewController.xib */; };
		63DDB8CE24956C8700271C34 /* AllUsersViewController.swift in Sources */ = {isa = PBXBuildFile; fileRef = 63DDB8CC24956C8700271C34 /* AllUsersViewController.swift */; };
		63DDB8CF24956C8700271C34 /* AllUsersViewController.xib in Resources */ = {isa = PBXBuildFile; fileRef = 63DDB8CD24956C8700271C34 /* AllUsersViewController.xib */; };
		63DDB8D424956CDE00271C34 /* AllUsersTableViewCell.swift in Sources */ = {isa = PBXBuildFile; fileRef = 63DDB8D224956CDE00271C34 /* AllUsersTableViewCell.swift */; };
		63DDB8D524956CDE00271C34 /* AllUsersTableViewCell.xib in Resources */ = {isa = PBXBuildFile; fileRef = 63DDB8D324956CDE00271C34 /* AllUsersTableViewCell.xib */; };
		63DDB8D92496130400271C34 /* CreateGroupViewController.swift in Sources */ = {isa = PBXBuildFile; fileRef = 63DDB8D72496130400271C34 /* CreateGroupViewController.swift */; };
		63DDB8DA2496130400271C34 /* CreateGroupViewController.xib in Resources */ = {isa = PBXBuildFile; fileRef = 63DDB8D82496130400271C34 /* CreateGroupViewController.xib */; };
		63DDB8DE2496E64A00271C34 /* WidgetsViewController.swift in Sources */ = {isa = PBXBuildFile; fileRef = 63DDB8DC2496E64A00271C34 /* WidgetsViewController.swift */; };
		63DDB8DF2496E64A00271C34 /* WidgetsViewController.xib in Resources */ = {isa = PBXBuildFile; fileRef = 63DDB8DD2496E64A00271C34 /* WidgetsViewController.xib */; };
		63DDB8E32496F2B500271C34 /* AllChatsViewController.swift in Sources */ = {isa = PBXBuildFile; fileRef = 63DDB8E12496F2B500271C34 /* AllChatsViewController.swift */; };
		63DDB8E42496F2B500271C34 /* AllChatsViewController.xib in Resources */ = {isa = PBXBuildFile; fileRef = 63DDB8E22496F2B500271C34 /* AllChatsViewController.xib */; };
		63DDB9112498E35B00271C34 /* Message.swift in Sources */ = {isa = PBXBuildFile; fileRef = 63DDB8EE2498E33A00271C34 /* Message.swift */; };
		63DDB9122498E35B00271C34 /* MMBaseMessageCell.swift in Sources */ = {isa = PBXBuildFile; fileRef = 63DDB8EF2498E33B00271C34 /* MMBaseMessageCell.swift */; };
		63DDB9132498E35B00271C34 /* UIFont+NoChat.swift in Sources */ = {isa = PBXBuildFile; fileRef = 63DDB8F02498E33C00271C34 /* UIFont+NoChat.swift */; };
		63DDB9142498E35B00271C34 /* MMDateMessageCellLayout.swift in Sources */ = {isa = PBXBuildFile; fileRef = 63DDB8F12498E33D00271C34 /* MMDateMessageCellLayout.swift */; };
		63DDB9152498E35B00271C34 /* TGChatViewController.swift in Sources */ = {isa = PBXBuildFile; fileRef = 63DDB8F22498E33E00271C34 /* TGChatViewController.swift */; };
		63DDB9162498E35B00271C34 /* TGBaseMessageCellLayout.swift in Sources */ = {isa = PBXBuildFile; fileRef = 63DDB8F32498E33F00271C34 /* TGBaseMessageCellLayout.swift */; };
		63DDB9182498E35B00271C34 /* User.swift in Sources */ = {isa = PBXBuildFile; fileRef = 63DDB8F52498E34100271C34 /* User.swift */; };
		63DDB9192498E35B00271C34 /* TGBaseMessageCell.swift in Sources */ = {isa = PBXBuildFile; fileRef = 63DDB8F62498E34200271C34 /* TGBaseMessageCell.swift */; };
		63DDB91A2498E35B00271C34 /* notification.caf in Resources */ = {isa = PBXBuildFile; fileRef = 63DDB8F72498E34300271C34 /* notification.caf */; };
		63DDB91B2498E35B00271C34 /* TGTextMessageCellLayout.swift in Sources */ = {isa = PBXBuildFile; fileRef = 63DDB8F82498E34400271C34 /* TGTextMessageCellLayout.swift */; };
		63DDB91C2498E35B00271C34 /* MMChatInputTextPanel.swift in Sources */ = {isa = PBXBuildFile; fileRef = 63DDB8F92498E34500271C34 /* MMChatInputTextPanel.swift */; };
		63DDB91D2498E35B00271C34 /* TGDateMessageCell.swift in Sources */ = {isa = PBXBuildFile; fileRef = 63DDB8FA2498E34600271C34 /* TGDateMessageCell.swift */; };
		63DDB91E2498E35B00271C34 /* MessageManager.swift in Sources */ = {isa = PBXBuildFile; fileRef = 63DDB8FB2498E34700271C34 /* MessageManager.swift */; };
		63DDB91F2498E35B00271C34 /* NSAttributedString+NoChat.swift in Sources */ = {isa = PBXBuildFile; fileRef = 63DDB8FC2498E34800271C34 /* NSAttributedString+NoChat.swift */; };
		63DDB9202498E35B00271C34 /* MMTextMessageCell.swift in Sources */ = {isa = PBXBuildFile; fileRef = 63DDB8FD2498E34900271C34 /* MMTextMessageCell.swift */; };
		63DDB9212498E35B00271C34 /* TGTextMessageCell.swift in Sources */ = {isa = PBXBuildFile; fileRef = 63DDB8FE2498E34A00271C34 /* TGTextMessageCell.swift */; };
		63DDB9222498E35B00271C34 /* MMSystemMessageCellLayout.swift in Sources */ = {isa = PBXBuildFile; fileRef = 63DDB8FF2498E34B00271C34 /* MMSystemMessageCellLayout.swift */; };
		63DDB9232498E35B00271C34 /* TGChatInputTextPanel.swift in Sources */ = {isa = PBXBuildFile; fileRef = 63DDB9002498E34C00271C34 /* TGChatInputTextPanel.swift */; };
		63DDB9242498E35B00271C34 /* SoundManager.swift in Sources */ = {isa = PBXBuildFile; fileRef = 63DDB9012498E34D00271C34 /* SoundManager.swift */; };
		63DDB9252498E35B00271C34 /* MMSystemMessageCell.swift in Sources */ = {isa = PBXBuildFile; fileRef = 63DDB9022498E34E00271C34 /* MMSystemMessageCell.swift */; };
		63DDB9262498E35B00271C34 /* Chat.swift in Sources */ = {isa = PBXBuildFile; fileRef = 63DDB9032498E34E00271C34 /* Chat.swift */; };
		63DDB9272498E35B00271C34 /* MMDateMessageCell.swift in Sources */ = {isa = PBXBuildFile; fileRef = 63DDB9042498E34F00271C34 /* MMDateMessageCell.swift */; };
		63DDB9282498E35B00271C34 /* MMBaseMessageCellLayout.swift in Sources */ = {isa = PBXBuildFile; fileRef = 63DDB9052498E35000271C34 /* MMBaseMessageCellLayout.swift */; };
		63DDB9292498E35B00271C34 /* ChatsViewController.swift in Sources */ = {isa = PBXBuildFile; fileRef = 63DDB9062498E35100271C34 /* ChatsViewController.swift */; };
		63DDB92A2498E35B00271C34 /* TGDeliveryStatusView.swift in Sources */ = {isa = PBXBuildFile; fileRef = 63DDB9072498E35200271C34 /* TGDeliveryStatusView.swift */; };
		63DDB92B2498E35B00271C34 /* sent.caf in Resources */ = {isa = PBXBuildFile; fileRef = 63DDB9082498E35300271C34 /* sent.caf */; };
		63DDB92C2498E35B00271C34 /* TGDateMessageCellLayout.swift in Sources */ = {isa = PBXBuildFile; fileRef = 63DDB9092498E35300271C34 /* TGDateMessageCellLayout.swift */; };
		63DDB92D2498E35B00271C34 /* TGAvatarButton.swift in Sources */ = {isa = PBXBuildFile; fileRef = 63DDB90A2498E35400271C34 /* TGAvatarButton.swift */; };
		63DDB92E2498E35B00271C34 /* TGSystemMessageCell.swift in Sources */ = {isa = PBXBuildFile; fileRef = 63DDB90B2498E35500271C34 /* TGSystemMessageCell.swift */; };
		63DDB92F2498E35B00271C34 /* TGSystemMessageCellLayout.swift in Sources */ = {isa = PBXBuildFile; fileRef = 63DDB90C2498E35600271C34 /* TGSystemMessageCellLayout.swift */; };
		63DDB9302498E35B00271C34 /* TGTitleView.swift in Sources */ = {isa = PBXBuildFile; fileRef = 63DDB90D2498E35700271C34 /* TGTitleView.swift */; };
		63DDB9312498E35B00271C34 /* MMTextMessageCellLayout.swift in Sources */ = {isa = PBXBuildFile; fileRef = 63DDB90E2498E35800271C34 /* MMTextMessageCellLayout.swift */; };
		63DDB9322498E35B00271C34 /* TGClockProgressView.swift in Sources */ = {isa = PBXBuildFile; fileRef = 63DDB90F2498E35900271C34 /* TGClockProgressView.swift */; };
		63DDB93C2498F8D200271C34 /* ChatsTableViewCell.swift in Sources */ = {isa = PBXBuildFile; fileRef = 63DDB93A2498F8D200271C34 /* ChatsTableViewCell.swift */; };
		63DDB93D2498F8D200271C34 /* ChatsTableViewCell.xib in Resources */ = {isa = PBXBuildFile; fileRef = 63DDB93B2498F8D200271C34 /* ChatsTableViewCell.xib */; };
		63DDB940249918D000271C34 /* calendar-icon.png in Resources */ = {isa = PBXBuildFile; fileRef = 63DDB93F249918D000271C34 /* calendar-icon.png */; };
		63DDB9422499192E00271C34 /* location-icon.jpg in Resources */ = {isa = PBXBuildFile; fileRef = 63DDB9412499192E00271C34 /* location-icon.jpg */; };
		63DDB9442499199A00271C34 /* refresh.png in Resources */ = {isa = PBXBuildFile; fileRef = 63DDB9432499199A00271C34 /* refresh.png */; };
		63DDB94824991E8300271C34 /* SendBroadcastViewController.swift in Sources */ = {isa = PBXBuildFile; fileRef = 63DDB94624991E8300271C34 /* SendBroadcastViewController.swift */; };
		63DDB94924991E8300271C34 /* SendBroadcastViewController.xib in Resources */ = {isa = PBXBuildFile; fileRef = 63DDB94724991E8300271C34 /* SendBroadcastViewController.xib */; };
		75584B6F6EEF5E62C29E3B56 /* Pods_AppRocketTaskUITests.framework in Frameworks */ = {isa = PBXBuildFile; fileRef = BB98BAADF4C2237CE7915A37 /* Pods_AppRocketTaskUITests.framework */; };
		CBE9F77E38665FC4C505B9C3 /* Pods_AppRocketTaskTests.framework in Frameworks */ = {isa = PBXBuildFile; fileRef = 0C7FCD30E072C96D6DFBDF77 /* Pods_AppRocketTaskTests.framework */; };
		F7284B5F0EFAA8548C3B3EB0 /* Pods_AppRocketTask.framework in Frameworks */ = {isa = PBXBuildFile; fileRef = 7A1D48A64824598C56BE20B5 /* Pods_AppRocketTask.framework */; };
/* End PBXBuildFile section */

/* Begin PBXContainerItemProxy section */
		63DDB88F2493DD4F00271C34 /* PBXContainerItemProxy */ = {
			isa = PBXContainerItemProxy;
			containerPortal = 63DDB86D2493DD4A00271C34 /* Project object */;
			proxyType = 1;
			remoteGlobalIDString = 63DDB8742493DD4A00271C34;
			remoteInfo = AppRocketTask;
		};
		63DDB89A2493DD4F00271C34 /* PBXContainerItemProxy */ = {
			isa = PBXContainerItemProxy;
			containerPortal = 63DDB86D2493DD4A00271C34 /* Project object */;
			proxyType = 1;
			remoteGlobalIDString = 63DDB8742493DD4A00271C34;
			remoteInfo = AppRocketTask;
		};
/* End PBXContainerItemProxy section */

/* Begin PBXFileReference section */
		0C7FCD30E072C96D6DFBDF77 /* Pods_AppRocketTaskTests.framework */ = {isa = PBXFileReference; explicitFileType = wrapper.framework; includeInIndex = 0; path = Pods_AppRocketTaskTests.framework; sourceTree = BUILT_PRODUCTS_DIR; };
		1E1C864519F841A458E7E02B /* Pods-AppRocketTask.release.xcconfig */ = {isa = PBXFileReference; includeInIndex = 1; lastKnownFileType = text.xcconfig; name = "Pods-AppRocketTask.release.xcconfig"; path = "Target Support Files/Pods-AppRocketTask/Pods-AppRocketTask.release.xcconfig"; sourceTree = "<group>"; };
		2663DE6D255B8689ECE82292 /* Pods-AppRocketTaskUITests.release.xcconfig */ = {isa = PBXFileReference; includeInIndex = 1; lastKnownFileType = text.xcconfig; name = "Pods-AppRocketTaskUITests.release.xcconfig"; path = "Target Support Files/Pods-AppRocketTaskUITests/Pods-AppRocketTaskUITests.release.xcconfig"; sourceTree = "<group>"; };
		30A8A55AFB8CC994A6D5F69C /* Pods-AppRocketTask.debug.xcconfig */ = {isa = PBXFileReference; includeInIndex = 1; lastKnownFileType = text.xcconfig; name = "Pods-AppRocketTask.debug.xcconfig"; path = "Target Support Files/Pods-AppRocketTask/Pods-AppRocketTask.debug.xcconfig"; sourceTree = "<group>"; };
		5FA8053EBBAA9F50194F18FE /* Pods-AppRocketTaskTests.release.xcconfig */ = {isa = PBXFileReference; includeInIndex = 1; lastKnownFileType = text.xcconfig; name = "Pods-AppRocketTaskTests.release.xcconfig"; path = "Target Support Files/Pods-AppRocketTaskTests/Pods-AppRocketTaskTests.release.xcconfig"; sourceTree = "<group>"; };
		63DDB8752493DD4A00271C34 /* AppRocketTask.app */ = {isa = PBXFileReference; explicitFileType = wrapper.application; includeInIndex = 0; path = AppRocketTask.app; sourceTree = BUILT_PRODUCTS_DIR; };
		63DDB8782493DD4A00271C34 /* AppDelegate.swift */ = {isa = PBXFileReference; lastKnownFileType = sourcecode.swift; path = AppDelegate.swift; sourceTree = "<group>"; };
		63DDB87D2493DD4A00271C34 /* AppRocketTask.xcdatamodel */ = {isa = PBXFileReference; lastKnownFileType = wrapper.xcdatamodel; path = AppRocketTask.xcdatamodel; sourceTree = "<group>"; };
		63DDB87F2493DD4A00271C34 /* ContentView.swift */ = {isa = PBXFileReference; lastKnownFileType = sourcecode.swift; path = ContentView.swift; sourceTree = "<group>"; };
		63DDB8812493DD4E00271C34 /* Assets.xcassets */ = {isa = PBXFileReference; lastKnownFileType = folder.assetcatalog; path = Assets.xcassets; sourceTree = "<group>"; };
		63DDB8842493DD4E00271C34 /* Preview Assets.xcassets */ = {isa = PBXFileReference; lastKnownFileType = folder.assetcatalog; path = "Preview Assets.xcassets"; sourceTree = "<group>"; };
		63DDB8872493DD4E00271C34 /* Base */ = {isa = PBXFileReference; lastKnownFileType = file.storyboard; name = Base; path = Base.lproj/LaunchScreen.storyboard; sourceTree = "<group>"; };
		63DDB8892493DD4E00271C34 /* Info.plist */ = {isa = PBXFileReference; lastKnownFileType = text.plist.xml; path = Info.plist; sourceTree = "<group>"; };
		63DDB88E2493DD4F00271C34 /* AppRocketTaskTests.xctest */ = {isa = PBXFileReference; explicitFileType = wrapper.cfbundle; includeInIndex = 0; path = AppRocketTaskTests.xctest; sourceTree = BUILT_PRODUCTS_DIR; };
		63DDB8922493DD4F00271C34 /* AppRocketTaskTests.swift */ = {isa = PBXFileReference; lastKnownFileType = sourcecode.swift; path = AppRocketTaskTests.swift; sourceTree = "<group>"; };
		63DDB8942493DD4F00271C34 /* Info.plist */ = {isa = PBXFileReference; lastKnownFileType = text.plist.xml; path = Info.plist; sourceTree = "<group>"; };
		63DDB8992493DD4F00271C34 /* AppRocketTaskUITests.xctest */ = {isa = PBXFileReference; explicitFileType = wrapper.cfbundle; includeInIndex = 0; path = AppRocketTaskUITests.xctest; sourceTree = BUILT_PRODUCTS_DIR; };
		63DDB89D2493DD4F00271C34 /* AppRocketTaskUITests.swift */ = {isa = PBXFileReference; lastKnownFileType = sourcecode.swift; path = AppRocketTaskUITests.swift; sourceTree = "<group>"; };
		63DDB89F2493DD4F00271C34 /* Info.plist */ = {isa = PBXFileReference; lastKnownFileType = text.plist.xml; path = Info.plist; sourceTree = "<group>"; };
		63DDB8AC2493E06900271C34 /* LoginViewController.swift */ = {isa = PBXFileReference; lastKnownFileType = sourcecode.swift; path = LoginViewController.swift; sourceTree = "<group>"; };
		63DDB8AD2493E06900271C34 /* LoginViewController.xib */ = {isa = PBXFileReference; lastKnownFileType = file.xib; path = LoginViewController.xib; sourceTree = "<group>"; };
		63DDB8B22493E09100271C34 /* SignupViewController.swift */ = {isa = PBXFileReference; lastKnownFileType = sourcecode.swift; path = SignupViewController.swift; sourceTree = "<group>"; };
		63DDB8B32493E09100271C34 /* SignupViewController.xib */ = {isa = PBXFileReference; lastKnownFileType = file.xib; path = SignupViewController.xib; sourceTree = "<group>"; };
		63DDB8B724941BA000271C34 /* MainViewController.swift */ = {isa = PBXFileReference; lastKnownFileType = sourcecode.swift; path = MainViewController.swift; sourceTree = "<group>"; };
		63DDB8B824941BA000271C34 /* MainViewController.xib */ = {isa = PBXFileReference; lastKnownFileType = file.xib; path = MainViewController.xib; sourceTree = "<group>"; };
		63DDB8BB2494201200271C34 /* Podfile */ = {isa = PBXFileReference; lastKnownFileType = text; path = Podfile; sourceTree = "<group>"; xcLanguageSpecificationIdentifier = xcode.lang.ruby; };
		63DDB8BE2494222A00271C34 /* ChatViewController.swift */ = {isa = PBXFileReference; lastKnownFileType = sourcecode.swift; path = ChatViewController.swift; sourceTree = "<group>"; };
		63DDB8C224942B8600271C34 /* GoogleService-Info.plist */ = {isa = PBXFileReference; fileEncoding = 4; lastKnownFileType = text.plist.xml; path = "GoogleService-Info.plist"; sourceTree = "<group>"; };
		63DDB8C524943A8400271C34 /* AppRocketUser.swift */ = {isa = PBXFileReference; lastKnownFileType = sourcecode.swift; path = AppRocketUser.swift; sourceTree = "<group>"; };
		63DDB8C724956C4300271C34 /* ChatListViewController.swift */ = {isa = PBXFileReference; lastKnownFileType = sourcecode.swift; path = ChatListViewController.swift; sourceTree = "<group>"; };
		63DDB8C824956C4300271C34 /* ChatListViewController.xib */ = {isa = PBXFileReference; lastKnownFileType = file.xib; path = ChatListViewController.xib; sourceTree = "<group>"; };
		63DDB8CC24956C8700271C34 /* AllUsersViewController.swift */ = {isa = PBXFileReference; lastKnownFileType = sourcecode.swift; path = AllUsersViewController.swift; sourceTree = "<group>"; };
		63DDB8CD24956C8700271C34 /* AllUsersViewController.xib */ = {isa = PBXFileReference; lastKnownFileType = file.xib; path = AllUsersViewController.xib; sourceTree = "<group>"; };
		63DDB8D224956CDE00271C34 /* AllUsersTableViewCell.swift */ = {isa = PBXFileReference; lastKnownFileType = sourcecode.swift; path = AllUsersTableViewCell.swift; sourceTree = "<group>"; };
		63DDB8D324956CDE00271C34 /* AllUsersTableViewCell.xib */ = {isa = PBXFileReference; lastKnownFileType = file.xib; path = AllUsersTableViewCell.xib; sourceTree = "<group>"; };
		63DDB8D72496130400271C34 /* CreateGroupViewController.swift */ = {isa = PBXFileReference; lastKnownFileType = sourcecode.swift; path = CreateGroupViewController.swift; sourceTree = "<group>"; };
		63DDB8D82496130400271C34 /* CreateGroupViewController.xib */ = {isa = PBXFileReference; lastKnownFileType = file.xib; path = CreateGroupViewController.xib; sourceTree = "<group>"; };
		63DDB8DC2496E64A00271C34 /* WidgetsViewController.swift */ = {isa = PBXFileReference; lastKnownFileType = sourcecode.swift; path = WidgetsViewController.swift; sourceTree = "<group>"; };
		63DDB8DD2496E64A00271C34 /* WidgetsViewController.xib */ = {isa = PBXFileReference; lastKnownFileType = file.xib; path = WidgetsViewController.xib; sourceTree = "<group>"; };
		63DDB8E12496F2B500271C34 /* AllChatsViewController.swift */ = {isa = PBXFileReference; lastKnownFileType = sourcecode.swift; path = AllChatsViewController.swift; sourceTree = "<group>"; };
		63DDB8E22496F2B500271C34 /* AllChatsViewController.xib */ = {isa = PBXFileReference; lastKnownFileType = file.xib; path = AllChatsViewController.xib; sourceTree = "<group>"; };
		63DDB8EE2498E33A00271C34 /* Message.swift */ = {isa = PBXFileReference; fileEncoding = 4; lastKnownFileType = sourcecode.swift; path = Message.swift; sourceTree = "<group>"; };
		63DDB8EF2498E33B00271C34 /* MMBaseMessageCell.swift */ = {isa = PBXFileReference; fileEncoding = 4; lastKnownFileType = sourcecode.swift; path = MMBaseMessageCell.swift; sourceTree = "<group>"; };
		63DDB8F02498E33C00271C34 /* UIFont+NoChat.swift */ = {isa = PBXFileReference; fileEncoding = 4; lastKnownFileType = sourcecode.swift; path = "UIFont+NoChat.swift"; sourceTree = "<group>"; };
		63DDB8F12498E33D00271C34 /* MMDateMessageCellLayout.swift */ = {isa = PBXFileReference; fileEncoding = 4; lastKnownFileType = sourcecode.swift; path = MMDateMessageCellLayout.swift; sourceTree = "<group>"; };
		63DDB8F22498E33E00271C34 /* TGChatViewController.swift */ = {isa = PBXFileReference; fileEncoding = 4; lastKnownFileType = sourcecode.swift; path = TGChatViewController.swift; sourceTree = "<group>"; };
		63DDB8F32498E33F00271C34 /* TGBaseMessageCellLayout.swift */ = {isa = PBXFileReference; fileEncoding = 4; lastKnownFileType = sourcecode.swift; path = TGBaseMessageCellLayout.swift; sourceTree = "<group>"; };
		63DDB8F52498E34100271C34 /* User.swift */ = {isa = PBXFileReference; fileEncoding = 4; lastKnownFileType = sourcecode.swift; path = User.swift; sourceTree = "<group>"; };
		63DDB8F62498E34200271C34 /* TGBaseMessageCell.swift */ = {isa = PBXFileReference; fileEncoding = 4; lastKnownFileType = sourcecode.swift; path = TGBaseMessageCell.swift; sourceTree = "<group>"; };
		63DDB8F72498E34300271C34 /* notification.caf */ = {isa = PBXFileReference; lastKnownFileType = file; path = notification.caf; sourceTree = "<group>"; };
		63DDB8F82498E34400271C34 /* TGTextMessageCellLayout.swift */ = {isa = PBXFileReference; fileEncoding = 4; lastKnownFileType = sourcecode.swift; path = TGTextMessageCellLayout.swift; sourceTree = "<group>"; };
		63DDB8F92498E34500271C34 /* MMChatInputTextPanel.swift */ = {isa = PBXFileReference; fileEncoding = 4; lastKnownFileType = sourcecode.swift; path = MMChatInputTextPanel.swift; sourceTree = "<group>"; };
		63DDB8FA2498E34600271C34 /* TGDateMessageCell.swift */ = {isa = PBXFileReference; fileEncoding = 4; lastKnownFileType = sourcecode.swift; path = TGDateMessageCell.swift; sourceTree = "<group>"; };
		63DDB8FB2498E34700271C34 /* MessageManager.swift */ = {isa = PBXFileReference; fileEncoding = 4; lastKnownFileType = sourcecode.swift; path = MessageManager.swift; sourceTree = "<group>"; };
		63DDB8FC2498E34800271C34 /* NSAttributedString+NoChat.swift */ = {isa = PBXFileReference; fileEncoding = 4; lastKnownFileType = sourcecode.swift; path = "NSAttributedString+NoChat.swift"; sourceTree = "<group>"; };
		63DDB8FD2498E34900271C34 /* MMTextMessageCell.swift */ = {isa = PBXFileReference; fileEncoding = 4; lastKnownFileType = sourcecode.swift; path = MMTextMessageCell.swift; sourceTree = "<group>"; };
		63DDB8FE2498E34A00271C34 /* TGTextMessageCell.swift */ = {isa = PBXFileReference; fileEncoding = 4; lastKnownFileType = sourcecode.swift; path = TGTextMessageCell.swift; sourceTree = "<group>"; };
		63DDB8FF2498E34B00271C34 /* MMSystemMessageCellLayout.swift */ = {isa = PBXFileReference; fileEncoding = 4; lastKnownFileType = sourcecode.swift; path = MMSystemMessageCellLayout.swift; sourceTree = "<group>"; };
		63DDB9002498E34C00271C34 /* TGChatInputTextPanel.swift */ = {isa = PBXFileReference; fileEncoding = 4; lastKnownFileType = sourcecode.swift; path = TGChatInputTextPanel.swift; sourceTree = "<group>"; };
		63DDB9012498E34D00271C34 /* SoundManager.swift */ = {isa = PBXFileReference; fileEncoding = 4; lastKnownFileType = sourcecode.swift; path = SoundManager.swift; sourceTree = "<group>"; };
		63DDB9022498E34E00271C34 /* MMSystemMessageCell.swift */ = {isa = PBXFileReference; fileEncoding = 4; lastKnownFileType = sourcecode.swift; path = MMSystemMessageCell.swift; sourceTree = "<group>"; };
		63DDB9032498E34E00271C34 /* Chat.swift */ = {isa = PBXFileReference; fileEncoding = 4; lastKnownFileType = sourcecode.swift; path = Chat.swift; sourceTree = "<group>"; };
		63DDB9042498E34F00271C34 /* MMDateMessageCell.swift */ = {isa = PBXFileReference; fileEncoding = 4; lastKnownFileType = sourcecode.swift; path = MMDateMessageCell.swift; sourceTree = "<group>"; };
		63DDB9052498E35000271C34 /* MMBaseMessageCellLayout.swift */ = {isa = PBXFileReference; fileEncoding = 4; lastKnownFileType = sourcecode.swift; path = MMBaseMessageCellLayout.swift; sourceTree = "<group>"; };
		63DDB9062498E35100271C34 /* ChatsViewController.swift */ = {isa = PBXFileReference; fileEncoding = 4; lastKnownFileType = sourcecode.swift; path = ChatsViewController.swift; sourceTree = "<group>"; };
		63DDB9072498E35200271C34 /* TGDeliveryStatusView.swift */ = {isa = PBXFileReference; fileEncoding = 4; lastKnownFileType = sourcecode.swift; path = TGDeliveryStatusView.swift; sourceTree = "<group>"; };
		63DDB9082498E35300271C34 /* sent.caf */ = {isa = PBXFileReference; lastKnownFileType = file; path = sent.caf; sourceTree = "<group>"; };
		63DDB9092498E35300271C34 /* TGDateMessageCellLayout.swift */ = {isa = PBXFileReference; fileEncoding = 4; lastKnownFileType = sourcecode.swift; path = TGDateMessageCellLayout.swift; sourceTree = "<group>"; };
		63DDB90A2498E35400271C34 /* TGAvatarButton.swift */ = {isa = PBXFileReference; fileEncoding = 4; lastKnownFileType = sourcecode.swift; path = TGAvatarButton.swift; sourceTree = "<group>"; };
		63DDB90B2498E35500271C34 /* TGSystemMessageCell.swift */ = {isa = PBXFileReference; fileEncoding = 4; lastKnownFileType = sourcecode.swift; path = TGSystemMessageCell.swift; sourceTree = "<group>"; };
		63DDB90C2498E35600271C34 /* TGSystemMessageCellLayout.swift */ = {isa = PBXFileReference; fileEncoding = 4; lastKnownFileType = sourcecode.swift; path = TGSystemMessageCellLayout.swift; sourceTree = "<group>"; };
		63DDB90D2498E35700271C34 /* TGTitleView.swift */ = {isa = PBXFileReference; fileEncoding = 4; lastKnownFileType = sourcecode.swift; path = TGTitleView.swift; sourceTree = "<group>"; };
		63DDB90E2498E35800271C34 /* MMTextMessageCellLayout.swift */ = {isa = PBXFileReference; fileEncoding = 4; lastKnownFileType = sourcecode.swift; path = MMTextMessageCellLayout.swift; sourceTree = "<group>"; };
		63DDB90F2498E35900271C34 /* TGClockProgressView.swift */ = {isa = PBXFileReference; fileEncoding = 4; lastKnownFileType = sourcecode.swift; path = TGClockProgressView.swift; sourceTree = "<group>"; };
		63DDB93A2498F8D200271C34 /* ChatsTableViewCell.swift */ = {isa = PBXFileReference; lastKnownFileType = sourcecode.swift; path = ChatsTableViewCell.swift; sourceTree = "<group>"; };
		63DDB93B2498F8D200271C34 /* ChatsTableViewCell.xib */ = {isa = PBXFileReference; lastKnownFileType = file.xib; path = ChatsTableViewCell.xib; sourceTree = "<group>"; };
		63DDB93F249918D000271C34 /* calendar-icon.png */ = {isa = PBXFileReference; lastKnownFileType = image.png; path = "calendar-icon.png"; sourceTree = "<group>"; };
		63DDB9412499192E00271C34 /* location-icon.jpg */ = {isa = PBXFileReference; lastKnownFileType = image.jpeg; path = "location-icon.jpg"; sourceTree = "<group>"; };
		63DDB9432499199A00271C34 /* refresh.png */ = {isa = PBXFileReference; lastKnownFileType = image.png; path = refresh.png; sourceTree = "<group>"; };
		63DDB94624991E8300271C34 /* SendBroadcastViewController.swift */ = {isa = PBXFileReference; lastKnownFileType = sourcecode.swift; path = SendBroadcastViewController.swift; sourceTree = "<group>"; };
		63DDB94724991E8300271C34 /* SendBroadcastViewController.xib */ = {isa = PBXFileReference; lastKnownFileType = file.xib; path = SendBroadcastViewController.xib; sourceTree = "<group>"; };
		7A1D48A64824598C56BE20B5 /* Pods_AppRocketTask.framework */ = {isa = PBXFileReference; explicitFileType = wrapper.framework; includeInIndex = 0; path = Pods_AppRocketTask.framework; sourceTree = BUILT_PRODUCTS_DIR; };
		BB98BAADF4C2237CE7915A37 /* Pods_AppRocketTaskUITests.framework */ = {isa = PBXFileReference; explicitFileType = wrapper.framework; includeInIndex = 0; path = Pods_AppRocketTaskUITests.framework; sourceTree = BUILT_PRODUCTS_DIR; };
		D693D1C6C8F54B4176475508 /* Pods-AppRocketTaskTests.debug.xcconfig */ = {isa = PBXFileReference; includeInIndex = 1; lastKnownFileType = text.xcconfig; name = "Pods-AppRocketTaskTests.debug.xcconfig"; path = "Target Support Files/Pods-AppRocketTaskTests/Pods-AppRocketTaskTests.debug.xcconfig"; sourceTree = "<group>"; };
		E4462EED521123BED9125AC6 /* Pods-AppRocketTaskUITests.debug.xcconfig */ = {isa = PBXFileReference; includeInIndex = 1; lastKnownFileType = text.xcconfig; name = "Pods-AppRocketTaskUITests.debug.xcconfig"; path = "Target Support Files/Pods-AppRocketTaskUITests/Pods-AppRocketTaskUITests.debug.xcconfig"; sourceTree = "<group>"; };
/* End PBXFileReference section */

/* Begin PBXFrameworksBuildPhase section */
		63DDB8722493DD4A00271C34 /* Frameworks */ = {
			isa = PBXFrameworksBuildPhase;
			buildActionMask = 2147483647;
			files = (
				F7284B5F0EFAA8548C3B3EB0 /* Pods_AppRocketTask.framework in Frameworks */,
			);
			runOnlyForDeploymentPostprocessing = 0;
		};
		63DDB88B2493DD4F00271C34 /* Frameworks */ = {
			isa = PBXFrameworksBuildPhase;
			buildActionMask = 2147483647;
			files = (
				CBE9F77E38665FC4C505B9C3 /* Pods_AppRocketTaskTests.framework in Frameworks */,
			);
			runOnlyForDeploymentPostprocessing = 0;
		};
		63DDB8962493DD4F00271C34 /* Frameworks */ = {
			isa = PBXFrameworksBuildPhase;
			buildActionMask = 2147483647;
			files = (
				75584B6F6EEF5E62C29E3B56 /* Pods_AppRocketTaskUITests.framework in Frameworks */,
			);
			runOnlyForDeploymentPostprocessing = 0;
		};
/* End PBXFrameworksBuildPhase section */

/* Begin PBXGroup section */
		1D8355E30968A760FFC057EF /* Frameworks */ = {
			isa = PBXGroup;
			children = (
				7A1D48A64824598C56BE20B5 /* Pods_AppRocketTask.framework */,
				0C7FCD30E072C96D6DFBDF77 /* Pods_AppRocketTaskTests.framework */,
				BB98BAADF4C2237CE7915A37 /* Pods_AppRocketTaskUITests.framework */,
			);
			name = Frameworks;
			sourceTree = "<group>";
		};
		63DDB86C2493DD4A00271C34 = {
			isa = PBXGroup;
			children = (
				63DDB8BB2494201200271C34 /* Podfile */,
				63DDB8772493DD4A00271C34 /* AppRocketTask */,
				63DDB8912493DD4F00271C34 /* AppRocketTaskTests */,
				63DDB89C2493DD4F00271C34 /* AppRocketTaskUITests */,
				63DDB8762493DD4A00271C34 /* Products */,
				9BE4093ABE8E05FA36CD05B6 /* Pods */,
				1D8355E30968A760FFC057EF /* Frameworks */,
			);
			sourceTree = "<group>";
		};
		63DDB8762493DD4A00271C34 /* Products */ = {
			isa = PBXGroup;
			children = (
				63DDB8752493DD4A00271C34 /* AppRocketTask.app */,
				63DDB88E2493DD4F00271C34 /* AppRocketTaskTests.xctest */,
				63DDB8992493DD4F00271C34 /* AppRocketTaskUITests.xctest */,
			);
			name = Products;
			sourceTree = "<group>";
		};
		63DDB8772493DD4A00271C34 /* AppRocketTask */ = {
			isa = PBXGroup;
			children = (
				63DDB93E249918C000271C34 /* Images */,
				63DDB8E52498E17B00271C34 /* ChatMessageLib */,
				63DDB8D124956CBF00271C34 /* Cells */,
				63DDB8C424943A6E00271C34 /* Models */,
				63DDB8C224942B8600271C34 /* GoogleService-Info.plist */,
				63DDB8AB2493DF5E00271C34 /* UIControllers */,
				63DDB8782493DD4A00271C34 /* AppDelegate.swift */,
				63DDB87F2493DD4A00271C34 /* ContentView.swift */,
				63DDB8812493DD4E00271C34 /* Assets.xcassets */,
				63DDB8862493DD4E00271C34 /* LaunchScreen.storyboard */,
				63DDB8892493DD4E00271C34 /* Info.plist */,
				63DDB87C2493DD4A00271C34 /* AppRocketTask.xcdatamodeld */,
				63DDB8832493DD4E00271C34 /* Preview Content */,
			);
			path = AppRocketTask;
			sourceTree = "<group>";
		};
		63DDB8832493DD4E00271C34 /* Preview Content */ = {
			isa = PBXGroup;
			children = (
				63DDB8842493DD4E00271C34 /* Preview Assets.xcassets */,
			);
			path = "Preview Content";
			sourceTree = "<group>";
		};
		63DDB8912493DD4F00271C34 /* AppRocketTaskTests */ = {
			isa = PBXGroup;
			children = (
				63DDB8922493DD4F00271C34 /* AppRocketTaskTests.swift */,
				63DDB8942493DD4F00271C34 /* Info.plist */,
			);
			path = AppRocketTaskTests;
			sourceTree = "<group>";
		};
		63DDB89C2493DD4F00271C34 /* AppRocketTaskUITests */ = {
			isa = PBXGroup;
			children = (
				63DDB89D2493DD4F00271C34 /* AppRocketTaskUITests.swift */,
				63DDB89F2493DD4F00271C34 /* Info.plist */,
			);
			path = AppRocketTaskUITests;
			sourceTree = "<group>";
		};
		63DDB8AB2493DF5E00271C34 /* UIControllers */ = {
			isa = PBXGroup;
			children = (
				63DDB94524991E2D00271C34 /* SendBroadcast */,
				63DDB8E02496F2A100271C34 /* AllChats */,
				63DDB8DB2496E60F00271C34 /* Widgets */,
				63DDB8D6249612CF00271C34 /* CreateGroup */,
				63DDB8CB24956C5200271C34 /* ChatList */,
				63DDB8D024956C9200271C34 /* AllUsersList */,
				63DDB8B624941B8F00271C34 /* Main */,
				63DDB8B12493E08100271C34 /* Signup */,
				63DDB8B02493E07400271C34 /* Login */,
				63DDB8BE2494222A00271C34 /* ChatViewController.swift */,
			);
			path = UIControllers;
			sourceTree = "<group>";
		};
		63DDB8B02493E07400271C34 /* Login */ = {
			isa = PBXGroup;
			children = (
				63DDB8AC2493E06900271C34 /* LoginViewController.swift */,
				63DDB8AD2493E06900271C34 /* LoginViewController.xib */,
			);
			path = Login;
			sourceTree = "<group>";
		};
		63DDB8B12493E08100271C34 /* Signup */ = {
			isa = PBXGroup;
			children = (
				63DDB8B22493E09100271C34 /* SignupViewController.swift */,
				63DDB8B32493E09100271C34 /* SignupViewController.xib */,
			);
			path = Signup;
			sourceTree = "<group>";
		};
		63DDB8B624941B8F00271C34 /* Main */ = {
			isa = PBXGroup;
			children = (
				63DDB8B724941BA000271C34 /* MainViewController.swift */,
				63DDB8B824941BA000271C34 /* MainViewController.xib */,
			);
			path = Main;
			sourceTree = "<group>";
		};
		63DDB8C424943A6E00271C34 /* Models */ = {
			isa = PBXGroup;
			children = (
				63DDB8C524943A8400271C34 /* AppRocketUser.swift */,
			);
			path = Models;
			sourceTree = "<group>";
		};
		63DDB8CB24956C5200271C34 /* ChatList */ = {
			isa = PBXGroup;
			children = (
				63DDB8C724956C4300271C34 /* ChatListViewController.swift */,
				63DDB8C824956C4300271C34 /* ChatListViewController.xib */,
			);
			path = ChatList;
			sourceTree = "<group>";
		};
		63DDB8D024956C9200271C34 /* AllUsersList */ = {
			isa = PBXGroup;
			children = (
				63DDB8CC24956C8700271C34 /* AllUsersViewController.swift */,
				63DDB8CD24956C8700271C34 /* AllUsersViewController.xib */,
			);
			path = AllUsersList;
			sourceTree = "<group>";
		};
		63DDB8D124956CBF00271C34 /* Cells */ = {
			isa = PBXGroup;
			children = (
				63DDB8D224956CDE00271C34 /* AllUsersTableViewCell.swift */,
				63DDB8D324956CDE00271C34 /* AllUsersTableViewCell.xib */,
				63DDB93A2498F8D200271C34 /* ChatsTableViewCell.swift */,
				63DDB93B2498F8D200271C34 /* ChatsTableViewCell.xib */,
			);
			path = Cells;
			sourceTree = "<group>";
		};
		63DDB8D6249612CF00271C34 /* CreateGroup */ = {
			isa = PBXGroup;
			children = (
				63DDB8D72496130400271C34 /* CreateGroupViewController.swift */,
				63DDB8D82496130400271C34 /* CreateGroupViewController.xib */,
			);
			path = CreateGroup;
			sourceTree = "<group>";
		};
		63DDB8DB2496E60F00271C34 /* Widgets */ = {
			isa = PBXGroup;
			children = (
				63DDB8DC2496E64A00271C34 /* WidgetsViewController.swift */,
				63DDB8DD2496E64A00271C34 /* WidgetsViewController.xib */,
			);
			path = Widgets;
			sourceTree = "<group>";
		};
		63DDB8E02496F2A100271C34 /* AllChats */ = {
			isa = PBXGroup;
			children = (
				63DDB8E12496F2B500271C34 /* AllChatsViewController.swift */,
				63DDB8E22496F2B500271C34 /* AllChatsViewController.xib */,
			);
			path = AllChats;
			sourceTree = "<group>";
		};
		63DDB8E52498E17B00271C34 /* ChatMessageLib */ = {
			isa = PBXGroup;
			children = (
				63DDB9032498E34E00271C34 /* Chat.swift */,
				63DDB9062498E35100271C34 /* ChatsViewController.swift */,
				63DDB8EE2498E33A00271C34 /* Message.swift */,
				63DDB8FB2498E34700271C34 /* MessageManager.swift */,
				63DDB8EF2498E33B00271C34 /* MMBaseMessageCell.swift */,
				63DDB9052498E35000271C34 /* MMBaseMessageCellLayout.swift */,
				63DDB8F92498E34500271C34 /* MMChatInputTextPanel.swift */,
				63DDB9042498E34F00271C34 /* MMDateMessageCell.swift */,
				63DDB8F12498E33D00271C34 /* MMDateMessageCellLayout.swift */,
				63DDB9022498E34E00271C34 /* MMSystemMessageCell.swift */,
				63DDB8FF2498E34B00271C34 /* MMSystemMessageCellLayout.swift */,
				63DDB8FD2498E34900271C34 /* MMTextMessageCell.swift */,
				63DDB90E2498E35800271C34 /* MMTextMessageCellLayout.swift */,
				63DDB8F72498E34300271C34 /* notification.caf */,
				63DDB8FC2498E34800271C34 /* NSAttributedString+NoChat.swift */,
				63DDB9082498E35300271C34 /* sent.caf */,
				63DDB9012498E34D00271C34 /* SoundManager.swift */,
				63DDB90A2498E35400271C34 /* TGAvatarButton.swift */,
				63DDB8F62498E34200271C34 /* TGBaseMessageCell.swift */,
				63DDB8F32498E33F00271C34 /* TGBaseMessageCellLayout.swift */,
				63DDB9002498E34C00271C34 /* TGChatInputTextPanel.swift */,
				63DDB8F22498E33E00271C34 /* TGChatViewController.swift */,
				63DDB90F2498E35900271C34 /* TGClockProgressView.swift */,
				63DDB8FA2498E34600271C34 /* TGDateMessageCell.swift */,
				63DDB9092498E35300271C34 /* TGDateMessageCellLayout.swift */,
				63DDB9072498E35200271C34 /* TGDeliveryStatusView.swift */,
				63DDB90B2498E35500271C34 /* TGSystemMessageCell.swift */,
				63DDB90C2498E35600271C34 /* TGSystemMessageCellLayout.swift */,
				63DDB8FE2498E34A00271C34 /* TGTextMessageCell.swift */,
				63DDB8F82498E34400271C34 /* TGTextMessageCellLayout.swift */,
				63DDB90D2498E35700271C34 /* TGTitleView.swift */,
				63DDB8F02498E33C00271C34 /* UIFont+NoChat.swift */,
				63DDB8F52498E34100271C34 /* User.swift */,
			);
			path = ChatMessageLib;
			sourceTree = "<group>";
		};
		63DDB93E249918C000271C34 /* Images */ = {
			isa = PBXGroup;
			children = (
				63DDB9432499199A00271C34 /* refresh.png */,
				63DDB93F249918D000271C34 /* calendar-icon.png */,
				63DDB9412499192E00271C34 /* location-icon.jpg */,
			);
			path = Images;
			sourceTree = "<group>";
		};
		63DDB94524991E2D00271C34 /* SendBroadcast */ = {
			isa = PBXGroup;
			children = (
				63DDB94624991E8300271C34 /* SendBroadcastViewController.swift */,
				63DDB94724991E8300271C34 /* SendBroadcastViewController.xib */,
			);
			path = SendBroadcast;
			sourceTree = "<group>";
		};
		9BE4093ABE8E05FA36CD05B6 /* Pods */ = {
			isa = PBXGroup;
			children = (
				30A8A55AFB8CC994A6D5F69C /* Pods-AppRocketTask.debug.xcconfig */,
				1E1C864519F841A458E7E02B /* Pods-AppRocketTask.release.xcconfig */,
				D693D1C6C8F54B4176475508 /* Pods-AppRocketTaskTests.debug.xcconfig */,
				5FA8053EBBAA9F50194F18FE /* Pods-AppRocketTaskTests.release.xcconfig */,
				E4462EED521123BED9125AC6 /* Pods-AppRocketTaskUITests.debug.xcconfig */,
				2663DE6D255B8689ECE82292 /* Pods-AppRocketTaskUITests.release.xcconfig */,
			);
			path = Pods;
			sourceTree = "<group>";
		};
/* End PBXGroup section */

/* Begin PBXNativeTarget section */
		63DDB8742493DD4A00271C34 /* AppRocketTask */ = {
			isa = PBXNativeTarget;
			buildConfigurationList = 63DDB8A22493DD4F00271C34 /* Build configuration list for PBXNativeTarget "AppRocketTask" */;
			buildPhases = (
				8F6B5C3D06B3FFE9D4DBD527 /* [CP] Check Pods Manifest.lock */,
				63DDB8712493DD4A00271C34 /* Sources */,
				63DDB8722493DD4A00271C34 /* Frameworks */,
				63DDB8732493DD4A00271C34 /* Resources */,
				840F0F700963913514A07070 /* [CP] Embed Pods Frameworks */,
			);
			buildRules = (
			);
			dependencies = (
			);
			name = AppRocketTask;
			productName = AppRocketTask;
			productReference = 63DDB8752493DD4A00271C34 /* AppRocketTask.app */;
			productType = "com.apple.product-type.application";
		};
		63DDB88D2493DD4F00271C34 /* AppRocketTaskTests */ = {
			isa = PBXNativeTarget;
			buildConfigurationList = 63DDB8A52493DD4F00271C34 /* Build configuration list for PBXNativeTarget "AppRocketTaskTests" */;
			buildPhases = (
				DFC517464D3E45714DCE3655 /* [CP] Check Pods Manifest.lock */,
				63DDB88A2493DD4F00271C34 /* Sources */,
				63DDB88B2493DD4F00271C34 /* Frameworks */,
				63DDB88C2493DD4F00271C34 /* Resources */,
			);
			buildRules = (
			);
			dependencies = (
				63DDB8902493DD4F00271C34 /* PBXTargetDependency */,
			);
			name = AppRocketTaskTests;
			productName = AppRocketTaskTests;
			productReference = 63DDB88E2493DD4F00271C34 /* AppRocketTaskTests.xctest */;
			productType = "com.apple.product-type.bundle.unit-test";
		};
		63DDB8982493DD4F00271C34 /* AppRocketTaskUITests */ = {
			isa = PBXNativeTarget;
			buildConfigurationList = 63DDB8A82493DD4F00271C34 /* Build configuration list for PBXNativeTarget "AppRocketTaskUITests" */;
			buildPhases = (
				39E0BBF1190187184618C2A3 /* [CP] Check Pods Manifest.lock */,
				63DDB8952493DD4F00271C34 /* Sources */,
				63DDB8962493DD4F00271C34 /* Frameworks */,
				63DDB8972493DD4F00271C34 /* Resources */,
			);
			buildRules = (
			);
			dependencies = (
				63DDB89B2493DD4F00271C34 /* PBXTargetDependency */,
			);
			name = AppRocketTaskUITests;
			productName = AppRocketTaskUITests;
			productReference = 63DDB8992493DD4F00271C34 /* AppRocketTaskUITests.xctest */;
			productType = "com.apple.product-type.bundle.ui-testing";
		};
/* End PBXNativeTarget section */

/* Begin PBXProject section */
		63DDB86D2493DD4A00271C34 /* Project object */ = {
			isa = PBXProject;
			attributes = {
				LastSwiftUpdateCheck = 1150;
				LastUpgradeCheck = 1150;
				ORGANIZATIONNAME = "Muhammad Alvi";
				TargetAttributes = {
					63DDB8742493DD4A00271C34 = {
						CreatedOnToolsVersion = 11.5;
					};
					63DDB88D2493DD4F00271C34 = {
						CreatedOnToolsVersion = 11.5;
						TestTargetID = 63DDB8742493DD4A00271C34;
					};
					63DDB8982493DD4F00271C34 = {
						CreatedOnToolsVersion = 11.5;
						TestTargetID = 63DDB8742493DD4A00271C34;
					};
				};
			};
			buildConfigurationList = 63DDB8702493DD4A00271C34 /* Build configuration list for PBXProject "AppRocketTask" */;
			compatibilityVersion = "Xcode 9.3";
			developmentRegion = en;
			hasScannedForEncodings = 0;
			knownRegions = (
				en,
				Base,
			);
			mainGroup = 63DDB86C2493DD4A00271C34;
			productRefGroup = 63DDB8762493DD4A00271C34 /* Products */;
			projectDirPath = "";
			projectRoot = "";
			targets = (
				63DDB8742493DD4A00271C34 /* AppRocketTask */,
				63DDB88D2493DD4F00271C34 /* AppRocketTaskTests */,
				63DDB8982493DD4F00271C34 /* AppRocketTaskUITests */,
			);
		};
/* End PBXProject section */

/* Begin PBXResourcesBuildPhase section */
		63DDB8732493DD4A00271C34 /* Resources */ = {
			isa = PBXResourcesBuildPhase;
			buildActionMask = 2147483647;
			files = (
				63DDB8AF2493E06900271C34 /* LoginViewController.xib in Resources */,
				63DDB8CF24956C8700271C34 /* AllUsersViewController.xib in Resources */,
				63DDB8C324942B8600271C34 /* GoogleService-Info.plist in Resources */,
				63DDB94924991E8300271C34 /* SendBroadcastViewController.xib in Resources */,
				63DDB8BA24941BA000271C34 /* MainViewController.xib in Resources */,
				63DDB9422499192E00271C34 /* location-icon.jpg in Resources */,
				63DDB940249918D000271C34 /* calendar-icon.png in Resources */,
				63DDB8E42496F2B500271C34 /* AllChatsViewController.xib in Resources */,
				63DDB8B52493E09100271C34 /* SignupViewController.xib in Resources */,
				63DDB8882493DD4E00271C34 /* LaunchScreen.storyboard in Resources */,
				63DDB9442499199A00271C34 /* refresh.png in Resources */,
				63DDB8852493DD4E00271C34 /* Preview Assets.xcassets in Resources */,
				63DDB8D524956CDE00271C34 /* AllUsersTableViewCell.xib in Resources */,
				63DDB8BC2494201200271C34 /* Podfile in Resources */,
				63DDB8822493DD4E00271C34 /* Assets.xcassets in Resources */,
				63DDB8DA2496130400271C34 /* CreateGroupViewController.xib in Resources */,
				63DDB92B2498E35B00271C34 /* sent.caf in Resources */,
				63DDB8DF2496E64A00271C34 /* WidgetsViewController.xib in Resources */,
				63DDB8CA24956C4300271C34 /* ChatListViewController.xib in Resources */,
				63DDB93D2498F8D200271C34 /* ChatsTableViewCell.xib in Resources */,
				63DDB91A2498E35B00271C34 /* notification.caf in Resources */,
			);
			runOnlyForDeploymentPostprocessing = 0;
		};
		63DDB88C2493DD4F00271C34 /* Resources */ = {
			isa = PBXResourcesBuildPhase;
			buildActionMask = 2147483647;
			files = (
			);
			runOnlyForDeploymentPostprocessing = 0;
		};
		63DDB8972493DD4F00271C34 /* Resources */ = {
			isa = PBXResourcesBuildPhase;
			buildActionMask = 2147483647;
			files = (
			);
			runOnlyForDeploymentPostprocessing = 0;
		};
/* End PBXResourcesBuildPhase section */

/* Begin PBXShellScriptBuildPhase section */
		39E0BBF1190187184618C2A3 /* [CP] Check Pods Manifest.lock */ = {
			isa = PBXShellScriptBuildPhase;
			buildActionMask = 2147483647;
			files = (
			);
			inputFileListPaths = (
			);
			inputPaths = (
				"${PODS_PODFILE_DIR_PATH}/Podfile.lock",
				"${PODS_ROOT}/Manifest.lock",
			);
			name = "[CP] Check Pods Manifest.lock";
			outputFileListPaths = (
			);
			outputPaths = (
				"$(DERIVED_FILE_DIR)/Pods-AppRocketTaskUITests-checkManifestLockResult.txt",
			);
			runOnlyForDeploymentPostprocessing = 0;
			shellPath = /bin/sh;
			shellScript = "diff \"${PODS_PODFILE_DIR_PATH}/Podfile.lock\" \"${PODS_ROOT}/Manifest.lock\" > /dev/null\nif [ $? != 0 ] ; then\n    # print error to STDERR\n    echo \"error: The sandbox is not in sync with the Podfile.lock. Run 'pod install' or update your CocoaPods installation.\" >&2\n    exit 1\nfi\n# This output is used by Xcode 'outputs' to avoid re-running this script phase.\necho \"SUCCESS\" > \"${SCRIPT_OUTPUT_FILE_0}\"\n";
			showEnvVarsInLog = 0;
		};
		840F0F700963913514A07070 /* [CP] Embed Pods Frameworks */ = {
			isa = PBXShellScriptBuildPhase;
			buildActionMask = 2147483647;
			files = (
			);
			inputFileListPaths = (
				"${PODS_ROOT}/Target Support Files/Pods-AppRocketTask/Pods-AppRocketTask-frameworks-${CONFIGURATION}-input-files.xcfilelist",
			);
			name = "[CP] Embed Pods Frameworks";
			outputFileListPaths = (
				"${PODS_ROOT}/Target Support Files/Pods-AppRocketTask/Pods-AppRocketTask-frameworks-${CONFIGURATION}-output-files.xcfilelist",
			);
			runOnlyForDeploymentPostprocessing = 0;
			shellPath = /bin/sh;
			shellScript = "\"${PODS_ROOT}/Target Support Files/Pods-AppRocketTask/Pods-AppRocketTask-frameworks.sh\"\n";
			showEnvVarsInLog = 0;
		};
		8F6B5C3D06B3FFE9D4DBD527 /* [CP] Check Pods Manifest.lock */ = {
			isa = PBXShellScriptBuildPhase;
			buildActionMask = 2147483647;
			files = (
			);
			inputFileListPaths = (
			);
			inputPaths = (
				"${PODS_PODFILE_DIR_PATH}/Podfile.lock",
				"${PODS_ROOT}/Manifest.lock",
			);
			name = "[CP] Check Pods Manifest.lock";
			outputFileListPaths = (
			);
			outputPaths = (
				"$(DERIVED_FILE_DIR)/Pods-AppRocketTask-checkManifestLockResult.txt",
			);
			runOnlyForDeploymentPostprocessing = 0;
			shellPath = /bin/sh;
			shellScript = "diff \"${PODS_PODFILE_DIR_PATH}/Podfile.lock\" \"${PODS_ROOT}/Manifest.lock\" > /dev/null\nif [ $? != 0 ] ; then\n    # print error to STDERR\n    echo \"error: The sandbox is not in sync with the Podfile.lock. Run 'pod install' or update your CocoaPods installation.\" >&2\n    exit 1\nfi\n# This output is used by Xcode 'outputs' to avoid re-running this script phase.\necho \"SUCCESS\" > \"${SCRIPT_OUTPUT_FILE_0}\"\n";
			showEnvVarsInLog = 0;
		};
		DFC517464D3E45714DCE3655 /* [CP] Check Pods Manifest.lock */ = {
			isa = PBXShellScriptBuildPhase;
			buildActionMask = 2147483647;
			files = (
			);
			inputFileListPaths = (
			);
			inputPaths = (
				"${PODS_PODFILE_DIR_PATH}/Podfile.lock",
				"${PODS_ROOT}/Manifest.lock",
			);
			name = "[CP] Check Pods Manifest.lock";
			outputFileListPaths = (
			);
			outputPaths = (
				"$(DERIVED_FILE_DIR)/Pods-AppRocketTaskTests-checkManifestLockResult.txt",
			);
			runOnlyForDeploymentPostprocessing = 0;
			shellPath = /bin/sh;
			shellScript = "diff \"${PODS_PODFILE_DIR_PATH}/Podfile.lock\" \"${PODS_ROOT}/Manifest.lock\" > /dev/null\nif [ $? != 0 ] ; then\n    # print error to STDERR\n    echo \"error: The sandbox is not in sync with the Podfile.lock. Run 'pod install' or update your CocoaPods installation.\" >&2\n    exit 1\nfi\n# This output is used by Xcode 'outputs' to avoid re-running this script phase.\necho \"SUCCESS\" > \"${SCRIPT_OUTPUT_FILE_0}\"\n";
			showEnvVarsInLog = 0;
		};
/* End PBXShellScriptBuildPhase section */

/* Begin PBXSourcesBuildPhase section */
		63DDB8712493DD4A00271C34 /* Sources */ = {
			isa = PBXSourcesBuildPhase;
			buildActionMask = 2147483647;
			files = (
				63DDB8AE2493E06900271C34 /* LoginViewController.swift in Sources */,
				63DDB91B2498E35B00271C34 /* TGTextMessageCellLayout.swift in Sources */,
				63DDB9232498E35B00271C34 /* TGChatInputTextPanel.swift in Sources */,
				63DDB8792493DD4A00271C34 /* AppDelegate.swift in Sources */,
				63DDB8D92496130400271C34 /* CreateGroupViewController.swift in Sources */,
				63DDB92E2498E35B00271C34 /* TGSystemMessageCell.swift in Sources */,
				63DDB92D2498E35B00271C34 /* TGAvatarButton.swift in Sources */,
				63DDB92C2498E35B00271C34 /* TGDateMessageCellLayout.swift in Sources */,
				63DDB9192498E35B00271C34 /* TGBaseMessageCell.swift in Sources */,
				63DDB8B42493E09100271C34 /* SignupViewController.swift in Sources */,
				63DDB8E32496F2B500271C34 /* AllChatsViewController.swift in Sources */,
				63DDB9142498E35B00271C34 /* MMDateMessageCellLayout.swift in Sources */,
				63DDB9132498E35B00271C34 /* UIFont+NoChat.swift in Sources */,
				63DDB8D424956CDE00271C34 /* AllUsersTableViewCell.swift in Sources */,
				63DDB8BF2494222A00271C34 /* ChatViewController.swift in Sources */,
				63DDB9152498E35B00271C34 /* TGChatViewController.swift in Sources */,
				63DDB8B924941BA000271C34 /* MainViewController.swift in Sources */,
				63DDB9302498E35B00271C34 /* TGTitleView.swift in Sources */,
				63DDB8CE24956C8700271C34 /* AllUsersViewController.swift in Sources */,
				63DDB94824991E8300271C34 /* SendBroadcastViewController.swift in Sources */,
				63DDB9292498E35B00271C34 /* ChatsViewController.swift in Sources */,
				63DDB9222498E35B00271C34 /* MMSystemMessageCellLayout.swift in Sources */,
				63DDB9282498E35B00271C34 /* MMBaseMessageCellLayout.swift in Sources */,
				63DDB9202498E35B00271C34 /* MMTextMessageCell.swift in Sources */,
				63DDB9242498E35B00271C34 /* SoundManager.swift in Sources */,
				63DDB87E2493DD4A00271C34 /* AppRocketTask.xcdatamodeld in Sources */,
				63DDB93C2498F8D200271C34 /* ChatsTableViewCell.swift in Sources */,
				63DDB9262498E35B00271C34 /* Chat.swift in Sources */,
				63DDB8C924956C4300271C34 /* ChatListViewController.swift in Sources */,
				63DDB8C624943A8400271C34 /* AppRocketUser.swift in Sources */,
				63DDB9122498E35B00271C34 /* MMBaseMessageCell.swift in Sources */,
				63DDB9112498E35B00271C34 /* Message.swift in Sources */,
				63DDB91E2498E35B00271C34 /* MessageManager.swift in Sources */,
				63DDB92A2498E35B00271C34 /* TGDeliveryStatusView.swift in Sources */,
				63DDB9322498E35B00271C34 /* TGClockProgressView.swift in Sources */,
				63DDB9212498E35B00271C34 /* TGTextMessageCell.swift in Sources */,
				63DDB9252498E35B00271C34 /* MMSystemMessageCell.swift in Sources */,
				63DDB9162498E35B00271C34 /* TGBaseMessageCellLayout.swift in Sources */,
				63DDB91F2498E35B00271C34 /* NSAttributedString+NoChat.swift in Sources */,
				63DDB92F2498E35B00271C34 /* TGSystemMessageCellLayout.swift in Sources */,
				63DDB91C2498E35B00271C34 /* MMChatInputTextPanel.swift in Sources */,
				63DDB8DE2496E64A00271C34 /* WidgetsViewController.swift in Sources */,
				63DDB91D2498E35B00271C34 /* TGDateMessageCell.swift in Sources */,
				63DDB8802493DD4A00271C34 /* ContentView.swift in Sources */,
				63DDB9182498E35B00271C34 /* User.swift in Sources */,
				63DDB9312498E35B00271C34 /* MMTextMessageCellLayout.swift in Sources */,
				63DDB9272498E35B00271C34 /* MMDateMessageCell.swift in Sources */,
			);
			runOnlyForDeploymentPostprocessing = 0;
		};
		63DDB88A2493DD4F00271C34 /* Sources */ = {
			isa = PBXSourcesBuildPhase;
			buildActionMask = 2147483647;
			files = (
				63DDB8932493DD4F00271C34 /* AppRocketTaskTests.swift in Sources */,
			);
			runOnlyForDeploymentPostprocessing = 0;
		};
		63DDB8952493DD4F00271C34 /* Sources */ = {
			isa = PBXSourcesBuildPhase;
			buildActionMask = 2147483647;
			files = (
				63DDB89E2493DD4F00271C34 /* AppRocketTaskUITests.swift in Sources */,
			);
			runOnlyForDeploymentPostprocessing = 0;
		};
/* End PBXSourcesBuildPhase section */

/* Begin PBXTargetDependency section */
		63DDB8902493DD4F00271C34 /* PBXTargetDependency */ = {
			isa = PBXTargetDependency;
			target = 63DDB8742493DD4A00271C34 /* AppRocketTask */;
			targetProxy = 63DDB88F2493DD4F00271C34 /* PBXContainerItemProxy */;
		};
		63DDB89B2493DD4F00271C34 /* PBXTargetDependency */ = {
			isa = PBXTargetDependency;
			target = 63DDB8742493DD4A00271C34 /* AppRocketTask */;
			targetProxy = 63DDB89A2493DD4F00271C34 /* PBXContainerItemProxy */;
		};
/* End PBXTargetDependency section */

/* Begin PBXVariantGroup section */
		63DDB8862493DD4E00271C34 /* LaunchScreen.storyboard */ = {
			isa = PBXVariantGroup;
			children = (
				63DDB8872493DD4E00271C34 /* Base */,
			);
			name = LaunchScreen.storyboard;
			sourceTree = "<group>";
		};
/* End PBXVariantGroup section */

/* Begin XCBuildConfiguration section */
		63DDB8A02493DD4F00271C34 /* Debug */ = {
			isa = XCBuildConfiguration;
			buildSettings = {
				ALWAYS_SEARCH_USER_PATHS = NO;
				CLANG_ANALYZER_NONNULL = YES;
				CLANG_ANALYZER_NUMBER_OBJECT_CONVERSION = YES_AGGRESSIVE;
				CLANG_CXX_LANGUAGE_STANDARD = "gnu++14";
				CLANG_CXX_LIBRARY = "libc++";
				CLANG_ENABLE_MODULES = YES;
				CLANG_ENABLE_OBJC_ARC = YES;
				CLANG_ENABLE_OBJC_WEAK = YES;
				CLANG_WARN_BLOCK_CAPTURE_AUTORELEASING = YES;
				CLANG_WARN_BOOL_CONVERSION = YES;
				CLANG_WARN_COMMA = YES;
				CLANG_WARN_CONSTANT_CONVERSION = YES;
				CLANG_WARN_DEPRECATED_OBJC_IMPLEMENTATIONS = YES;
				CLANG_WARN_DIRECT_OBJC_ISA_USAGE = YES_ERROR;
				CLANG_WARN_DOCUMENTATION_COMMENTS = YES;
				CLANG_WARN_EMPTY_BODY = YES;
				CLANG_WARN_ENUM_CONVERSION = YES;
				CLANG_WARN_INFINITE_RECURSION = YES;
				CLANG_WARN_INT_CONVERSION = YES;
				CLANG_WARN_NON_LITERAL_NULL_CONVERSION = YES;
				CLANG_WARN_OBJC_IMPLICIT_RETAIN_SELF = YES;
				CLANG_WARN_OBJC_LITERAL_CONVERSION = YES;
				CLANG_WARN_OBJC_ROOT_CLASS = YES_ERROR;
				CLANG_WARN_RANGE_LOOP_ANALYSIS = YES;
				CLANG_WARN_STRICT_PROTOTYPES = YES;
				CLANG_WARN_SUSPICIOUS_MOVE = YES;
				CLANG_WARN_UNGUARDED_AVAILABILITY = YES_AGGRESSIVE;
				CLANG_WARN_UNREACHABLE_CODE = YES;
				CLANG_WARN__DUPLICATE_METHOD_MATCH = YES;
				COPY_PHASE_STRIP = NO;
				DEBUG_INFORMATION_FORMAT = dwarf;
				ENABLE_STRICT_OBJC_MSGSEND = YES;
				ENABLE_TESTABILITY = YES;
				GCC_C_LANGUAGE_STANDARD = gnu11;
				GCC_DYNAMIC_NO_PIC = NO;
				GCC_NO_COMMON_BLOCKS = YES;
				GCC_OPTIMIZATION_LEVEL = 0;
				GCC_PREPROCESSOR_DEFINITIONS = (
					"DEBUG=1",
					"$(inherited)",
				);
				GCC_WARN_64_TO_32_BIT_CONVERSION = YES;
				GCC_WARN_ABOUT_RETURN_TYPE = YES_ERROR;
				GCC_WARN_UNDECLARED_SELECTOR = YES;
				GCC_WARN_UNINITIALIZED_AUTOS = YES_AGGRESSIVE;
				GCC_WARN_UNUSED_FUNCTION = YES;
				GCC_WARN_UNUSED_VARIABLE = YES;
				IPHONEOS_DEPLOYMENT_TARGET = 13.5;
				MTL_ENABLE_DEBUG_INFO = INCLUDE_SOURCE;
				MTL_FAST_MATH = YES;
				ONLY_ACTIVE_ARCH = YES;
				SDKROOT = iphoneos;
				SWIFT_ACTIVE_COMPILATION_CONDITIONS = DEBUG;
				SWIFT_OPTIMIZATION_LEVEL = "-Onone";
				SWIFT_VERSION = 4.2;
			};
			name = Debug;
		};
		63DDB8A12493DD4F00271C34 /* Release */ = {
			isa = XCBuildConfiguration;
			buildSettings = {
				ALWAYS_SEARCH_USER_PATHS = NO;
				CLANG_ANALYZER_NONNULL = YES;
				CLANG_ANALYZER_NUMBER_OBJECT_CONVERSION = YES_AGGRESSIVE;
				CLANG_CXX_LANGUAGE_STANDARD = "gnu++14";
				CLANG_CXX_LIBRARY = "libc++";
				CLANG_ENABLE_MODULES = YES;
				CLANG_ENABLE_OBJC_ARC = YES;
				CLANG_ENABLE_OBJC_WEAK = YES;
				CLANG_WARN_BLOCK_CAPTURE_AUTORELEASING = YES;
				CLANG_WARN_BOOL_CONVERSION = YES;
				CLANG_WARN_COMMA = YES;
				CLANG_WARN_CONSTANT_CONVERSION = YES;
				CLANG_WARN_DEPRECATED_OBJC_IMPLEMENTATIONS = YES;
				CLANG_WARN_DIRECT_OBJC_ISA_USAGE = YES_ERROR;
				CLANG_WARN_DOCUMENTATION_COMMENTS = YES;
				CLANG_WARN_EMPTY_BODY = YES;
				CLANG_WARN_ENUM_CONVERSION = YES;
				CLANG_WARN_INFINITE_RECURSION = YES;
				CLANG_WARN_INT_CONVERSION = YES;
				CLANG_WARN_NON_LITERAL_NULL_CONVERSION = YES;
				CLANG_WARN_OBJC_IMPLICIT_RETAIN_SELF = YES;
				CLANG_WARN_OBJC_LITERAL_CONVERSION = YES;
				CLANG_WARN_OBJC_ROOT_CLASS = YES_ERROR;
				CLANG_WARN_RANGE_LOOP_ANALYSIS = YES;
				CLANG_WARN_STRICT_PROTOTYPES = YES;
				CLANG_WARN_SUSPICIOUS_MOVE = YES;
				CLANG_WARN_UNGUARDED_AVAILABILITY = YES_AGGRESSIVE;
				CLANG_WARN_UNREACHABLE_CODE = YES;
				CLANG_WARN__DUPLICATE_METHOD_MATCH = YES;
				COPY_PHASE_STRIP = NO;
				DEBUG_INFORMATION_FORMAT = "dwarf-with-dsym";
				ENABLE_NS_ASSERTIONS = NO;
				ENABLE_STRICT_OBJC_MSGSEND = YES;
				GCC_C_LANGUAGE_STANDARD = gnu11;
				GCC_NO_COMMON_BLOCKS = YES;
				GCC_WARN_64_TO_32_BIT_CONVERSION = YES;
				GCC_WARN_ABOUT_RETURN_TYPE = YES_ERROR;
				GCC_WARN_UNDECLARED_SELECTOR = YES;
				GCC_WARN_UNINITIALIZED_AUTOS = YES_AGGRESSIVE;
				GCC_WARN_UNUSED_FUNCTION = YES;
				GCC_WARN_UNUSED_VARIABLE = YES;
				IPHONEOS_DEPLOYMENT_TARGET = 13.5;
				MTL_ENABLE_DEBUG_INFO = NO;
				MTL_FAST_MATH = YES;
				SDKROOT = iphoneos;
				SWIFT_COMPILATION_MODE = wholemodule;
				SWIFT_OPTIMIZATION_LEVEL = "-O";
				SWIFT_VERSION = 4.2;
				VALIDATE_PRODUCT = YES;
			};
			name = Release;
		};
		63DDB8A32493DD4F00271C34 /* Debug */ = {
			isa = XCBuildConfiguration;
			baseConfigurationReference = 30A8A55AFB8CC994A6D5F69C /* Pods-AppRocketTask.debug.xcconfig */;
			buildSettings = {
				ASSETCATALOG_COMPILER_APPICON_NAME = AppIcon;
				CODE_SIGN_STYLE = Automatic;
				DEVELOPMENT_ASSET_PATHS = "\"AppRocketTask/Preview Content\"";
				ENABLE_PREVIEWS = YES;
				INFOPLIST_FILE = AppRocketTask/Info.plist;
				LD_RUNPATH_SEARCH_PATHS = (
					"$(inherited)",
					"@executable_path/Frameworks",
				);
				PRODUCT_BUNDLE_IDENTIFIER = com.ios.approcket.AppRocketTask;
				PRODUCT_NAME = "$(TARGET_NAME)";
				SWIFT_VERSION = 5.0;
				TARGETED_DEVICE_FAMILY = "1,2";
			};
			name = Debug;
		};
		63DDB8A42493DD4F00271C34 /* Release */ = {
			isa = XCBuildConfiguration;
			baseConfigurationReference = 1E1C864519F841A458E7E02B /* Pods-AppRocketTask.release.xcconfig */;
			buildSettings = {
				ASSETCATALOG_COMPILER_APPICON_NAME = AppIcon;
				CODE_SIGN_STYLE = Automatic;
				DEVELOPMENT_ASSET_PATHS = "\"AppRocketTask/Preview Content\"";
				ENABLE_PREVIEWS = YES;
				INFOPLIST_FILE = AppRocketTask/Info.plist;
				LD_RUNPATH_SEARCH_PATHS = (
					"$(inherited)",
					"@executable_path/Frameworks",
				);
				PRODUCT_BUNDLE_IDENTIFIER = com.ios.approcket.AppRocketTask;
				PRODUCT_NAME = "$(TARGET_NAME)";
				SWIFT_VERSION = 5.0;
				TARGETED_DEVICE_FAMILY = "1,2";
			};
			name = Release;
		};
		63DDB8A62493DD4F00271C34 /* Debug */ = {
			isa = XCBuildConfiguration;
			baseConfigurationReference = D693D1C6C8F54B4176475508 /* Pods-AppRocketTaskTests.debug.xcconfig */;
			buildSettings = {
				ALWAYS_EMBED_SWIFT_STANDARD_LIBRARIES = YES;
				BUNDLE_LOADER = "$(TEST_HOST)";
				CODE_SIGN_STYLE = Automatic;
				INFOPLIST_FILE = AppRocketTaskTests/Info.plist;
				IPHONEOS_DEPLOYMENT_TARGET = 13.5;
				LD_RUNPATH_SEARCH_PATHS = (
					"$(inherited)",
					"@executable_path/Frameworks",
					"@loader_path/Frameworks",
				);
				PRODUCT_BUNDLE_IDENTIFIER = com.ios.approcket.AppRocketTaskTests;
				PRODUCT_NAME = "$(TARGET_NAME)";
				SWIFT_VERSION = 5.0;
				TARGETED_DEVICE_FAMILY = "1,2";
				TEST_HOST = "$(BUILT_PRODUCTS_DIR)/AppRocketTask.app/AppRocketTask";
			};
			name = Debug;
		};
		63DDB8A72493DD4F00271C34 /* Release */ = {
			isa = XCBuildConfiguration;
			baseConfigurationReference = 5FA8053EBBAA9F50194F18FE /* Pods-AppRocketTaskTests.release.xcconfig */;
			buildSettings = {
				ALWAYS_EMBED_SWIFT_STANDARD_LIBRARIES = YES;
				BUNDLE_LOADER = "$(TEST_HOST)";
				CODE_SIGN_STYLE = Automatic;
				INFOPLIST_FILE = AppRocketTaskTests/Info.plist;
				IPHONEOS_DEPLOYMENT_TARGET = 13.5;
				LD_RUNPATH_SEARCH_PATHS = (
					"$(inherited)",
					"@executable_path/Frameworks",
					"@loader_path/Frameworks",
				);
				PRODUCT_BUNDLE_IDENTIFIER = com.ios.approcket.AppRocketTaskTests;
				PRODUCT_NAME = "$(TARGET_NAME)";
				SWIFT_VERSION = 5.0;
				TARGETED_DEVICE_FAMILY = "1,2";
				TEST_HOST = "$(BUILT_PRODUCTS_DIR)/AppRocketTask.app/AppRocketTask";
			};
			name = Release;
		};
		63DDB8A92493DD4F00271C34 /* Debug */ = {
			isa = XCBuildConfiguration;
			baseConfigurationReference = E4462EED521123BED9125AC6 /* Pods-AppRocketTaskUITests.debug.xcconfig */;
			buildSettings = {
				ALWAYS_EMBED_SWIFT_STANDARD_LIBRARIES = YES;
				CODE_SIGN_STYLE = Automatic;
				INFOPLIST_FILE = AppRocketTaskUITests/Info.plist;
				LD_RUNPATH_SEARCH_PATHS = (
					"$(inherited)",
					"@executable_path/Frameworks",
					"@loader_path/Frameworks",
				);
				PRODUCT_BUNDLE_IDENTIFIER = com.ios.approcket.AppRocketTaskUITests;
				PRODUCT_NAME = "$(TARGET_NAME)";
				SWIFT_VERSION = 5.0;
				TARGETED_DEVICE_FAMILY = "1,2";
				TEST_TARGET_NAME = AppRocketTask;
			};
			name = Debug;
		};
		63DDB8AA2493DD4F00271C34 /* Release */ = {
			isa = XCBuildConfiguration;
			baseConfigurationReference = 2663DE6D255B8689ECE82292 /* Pods-AppRocketTaskUITests.release.xcconfig */;
			buildSettings = {
				ALWAYS_EMBED_SWIFT_STANDARD_LIBRARIES = YES;
				CODE_SIGN_STYLE = Automatic;
				INFOPLIST_FILE = AppRocketTaskUITests/Info.plist;
				LD_RUNPATH_SEARCH_PATHS = (
					"$(inherited)",
					"@executable_path/Frameworks",
					"@loader_path/Frameworks",
				);
				PRODUCT_BUNDLE_IDENTIFIER = com.ios.approcket.AppRocketTaskUITests;
				PRODUCT_NAME = "$(TARGET_NAME)";
				SWIFT_VERSION = 5.0;
				TARGETED_DEVICE_FAMILY = "1,2";
				TEST_TARGET_NAME = AppRocketTask;
			};
			name = Release;
		};
/* End XCBuildConfiguration section */

/* Begin XCConfigurationList section */
		63DDB8702493DD4A00271C34 /* Build configuration list for PBXProject "AppRocketTask" */ = {
			isa = XCConfigurationList;
			buildConfigurations = (
				63DDB8A02493DD4F00271C34 /* Debug */,
				63DDB8A12493DD4F00271C34 /* Release */,
			);
			defaultConfigurationIsVisible = 0;
			defaultConfigurationName = Release;
		};
		63DDB8A22493DD4F00271C34 /* Build configuration list for PBXNativeTarget "AppRocketTask" */ = {
			isa = XCConfigurationList;
			buildConfigurations = (
				63DDB8A32493DD4F00271C34 /* Debug */,
				63DDB8A42493DD4F00271C34 /* Release */,
			);
			defaultConfigurationIsVisible = 0;
			defaultConfigurationName = Release;
		};
		63DDB8A52493DD4F00271C34 /* Build configuration list for PBXNativeTarget "AppRocketTaskTests" */ = {
			isa = XCConfigurationList;
			buildConfigurations = (
				63DDB8A62493DD4F00271C34 /* Debug */,
				63DDB8A72493DD4F00271C34 /* Release */,
			);
			defaultConfigurationIsVisible = 0;
			defaultConfigurationName = Release;
		};
		63DDB8A82493DD4F00271C34 /* Build configuration list for PBXNativeTarget "AppRocketTaskUITests" */ = {
			isa = XCConfigurationList;
			buildConfigurations = (
				63DDB8A92493DD4F00271C34 /* Debug */,
				63DDB8AA2493DD4F00271C34 /* Release */,
			);
			defaultConfigurationIsVisible = 0;
			defaultConfigurationName = Release;
		};
/* End XCConfigurationList section */

/* Begin XCVersionGroup section */
		63DDB87C2493DD4A00271C34 /* AppRocketTask.xcdatamodeld */ = {
			isa = XCVersionGroup;
			children = (
				63DDB87D2493DD4A00271C34 /* AppRocketTask.xcdatamodel */,
			);
			currentVersion = 63DDB87D2493DD4A00271C34 /* AppRocketTask.xcdatamodel */;
			path = AppRocketTask.xcdatamodeld;
			sourceTree = "<group>";
			versionGroupType = wrapper.xcdatamodel;
		};
/* End XCVersionGroup section */
	};
	rootObject = 63DDB86D2493DD4A00271C34 /* Project object */;
}
